
Microsoft Visual Studio Solution File, Format Version 12.00
# Visual Studio Version 17
VisualStudioVersion = 17.3.32929.385
MinimumVisualStudioVersion = 10.0.40219.1
Project("{FAE04EC0-301F-11D3-BF4B-00C04F79EFBC}") = "ZaverecnyProjekt", "ZaverecnyProjekt\ZaverecnyProjekt.csproj", "{CBD82A34-B73B-496F-8A44-EF7673BB167C}"
EndProject
Global
	GlobalSection(SolutionConfigurationPlatforms) = preSolution
		Debug|Any CPU = Debug|Any CPU
		Release|Any CPU = Release|Any CPU
	EndGlobalSection
	GlobalSection(ProjectConfigurationPlatforms) = postSolution
		{CBD82A34-B73B-496F-8A44-EF7673BB167C}.Debug|Any CPU.ActiveCfg = Debug|Any CPU
		{CBD82A34-B73B-496F-8A44-EF7673BB167C}.Debug|Any CPU.Build.0 = Debug|Any CPU
		{CBD82A34-B73B-496F-8A44-EF7673BB167C}.Release|Any CPU.ActiveCfg = Release|Any CPU
		{CBD82A34-B73B-496F-8A44-EF7673BB167C}.Release|Any CPU.Build.0 = Release|Any CPU
	EndGlobalSection
	GlobalSection(SolutionProperties) = preSolution
		HideSolutionNode = FALSE
	EndGlobalSection
	GlobalSection(ExtensibilityGlobals) = postSolution
		SolutionGuid = {D7F8C548-DA29-4242-8244-3390A8895714}
	EndGlobalSection
EndGlobal
